<?xml version="1.0" encoding="utf-8"?>
<Project ToolsVersion="4.0" xmlns="http://schemas.microsoft.com/developer/msbuild/2003">
  <ItemGroup>
    <ClCompile Include="stdafx.cpp" />
    <ClCompile Include="GameScene.cpp">
      <Filter>Scenes</Filter>
    </ClCompile>
    <ClCompile Include="Scene.cpp">
      <Filter>Scenes</Filter>
    </ClCompile>
    <ClCompile Include="SceneManager.cpp">
      <Filter>Scenes</Filter>
    </ClCompile>
    <ClCompile Include="TitleScene.cpp">
      <Filter>Scenes</Filter>
    </ClCompile>
    <ClCompile Include="Application.cpp" />
    <ClCompile Include="SDL.cpp" />
    <ClCompile Include="ContentManager.cpp">
      <Filter>Objects</Filter>
    </ClCompile>
    <ClCompile Include="EventHandler.cpp">
      <Filter>Objects</Filter>
    </ClCompile>
  </ItemGroup>
  <ItemGroup>
    <ClInclude Include="stdafx.h" />
    <ClInclude Include="targetver.h" />
    <ClInclude Include="GameScene.h">
      <Filter>Scenes</Filter>
    </ClInclude>
    <ClInclude Include="Scene.h">
      <Filter>Scenes</Filter>
    </ClInclude>
    <ClInclude Include="SceneManager.h">
      <Filter>Scenes</Filter>
    </ClInclude>
    <ClInclude Include="TitleScene.h">
      <Filter>Scenes</Filter>
    </ClInclude>
    <ClInclude Include="Application.h" />
    <ClInclude Include="ContentManager.h">
      <Filter>Objects</Filter>
    </ClInclude>
    <ClInclude Include="EventHandler.h">
      <Filter>Objects</Filter>
    </ClInclude>
    <ClInclude Include="SDLUnique.h">
      <Filter>Helper</Filter>
    </ClInclude>
    <ClInclude Include="Identifiers.h">
      <Filter>Helper</Filter>
    </ClInclude>
  </ItemGroup>
  <ItemGroup>
    <Filter Include="Helper">
      <UniqueIdentifier>{c97f0b43-373f-4484-a61e-f7b4d55aaed6}</UniqueIdentifier>
    </Filter>
    <Filter Include="Scenes">
      <UniqueIdentifier>{71a2d74e-6e10-4d15-8666-3ffcbe89c372}</UniqueIdentifier>
    </Filter>
    <Filter Include="Objects">
      <UniqueIdentifier>{f936ac8d-ac2f-422e-ae40-f753f02e2839}</UniqueIdentifier>
    </Filter>
  </ItemGroup>
</Project>